
Microsoft Visual Studio Solution File, Format Version 12.00
# Visual Studio Version 17
VisualStudioVersion = 17.8.34601.278
MinimumVisualStudioVersion = 10.0.40219.1
Project("{54A90642-561A-4BB1-A94E-469ADEE60C69}") = "WorldCities", "WorldCities\WorldCities.esproj", "{DD634661-D8E4-4B9E-9DC8-0064E64A1223}"
EndProject
Project("{9A19103F-16F7-4668-BE54-9A1E7A4F7556}") = "WorldCitiesAPI", "WorldCitiesAPI\WorldCitiesAPI.csproj", "{8A2EF09E-8B25-4E39-BD35-165B87C3317C}"
EndProject
Project("{9A19103F-16F7-4668-BE54-9A1E7A4F7556}") = "WorldCitiesAPI.Tests", "WorldCitiesAPI.Tests\WorldCitiesAPI.Tests.csproj", "{7739994D-5BAE-48D5-A6B6-3832F7A232F9}"
EndProject
Global
	GlobalSection(SolutionConfigurationPlatforms) = preSolution
		Debug|Any CPU = Debug|Any CPU
		Release|Any CPU = Release|Any CPU
	EndGlobalSection
	GlobalSection(ProjectConfigurationPlatforms) = postSolution
		{DD634661-D8E4-4B9E-9DC8-0064E64A1223}.Debug|Any CPU.ActiveCfg = Debug|Any CPU
		{DD634661-D8E4-4B9E-9DC8-0064E64A1223}.Debug|Any CPU.Build.0 = Debug|Any CPU
		{DD634661-D8E4-4B9E-9DC8-0064E64A1223}.Debug|Any CPU.Deploy.0 = Debug|Any CPU
		{DD634661-D8E4-4B9E-9DC8-0064E64A1223}.Release|Any CPU.ActiveCfg = Release|Any CPU
		{DD634661-D8E4-4B9E-9DC8-0064E64A1223}.Release|Any CPU.Build.0 = Release|Any CPU
		{DD634661-D8E4-4B9E-9DC8-0064E64A1223}.Release|Any CPU.Deploy.0 = Release|Any CPU
		{8A2EF09E-8B25-4E39-BD35-165B87C3317C}.Debug|Any CPU.ActiveCfg = Debug|Any CPU
		{8A2EF09E-8B25-4E39-BD35-165B87C3317C}.Debug|Any CPU.Build.0 = Debug|Any CPU
		{8A2EF09E-8B25-4E39-BD35-165B87C3317C}.Release|Any CPU.ActiveCfg = Release|Any CPU
		{8A2EF09E-8B25-4E39-BD35-165B87C3317C}.Release|Any CPU.Build.0 = Release|Any CPU
		{7739994D-5BAE-48D5-A6B6-3832F7A232F9}.Debug|Any CPU.ActiveCfg = Debug|Any CPU
		{7739994D-5BAE-48D5-A6B6-3832F7A232F9}.Debug|Any CPU.Build.0 = Debug|Any CPU
		{7739994D-5BAE-48D5-A6B6-3832F7A232F9}.Release|Any CPU.ActiveCfg = Release|Any CPU
		{7739994D-5BAE-48D5-A6B6-3832F7A232F9}.Release|Any CPU.Build.0 = Release|Any CPU
	EndGlobalSection
	GlobalSection(SolutionProperties) = preSolution
		HideSolutionNode = FALSE
	EndGlobalSection
	GlobalSection(ExtensibilityGlobals) = postSolution
		SolutionGuid = {BCC2A355-D63D-488B-9BBE-675290A98BB3}
	EndGlobalSection
EndGlobal
